
Microsoft Visual Studio Solution File, Format Version 12.00
# Visual Studio 15
VisualStudioVersion = 15.0.27428.2027
MinimumVisualStudioVersion = 10.0.40219.1
Project("{FAE04EC0-301F-11D3-BF4B-00C04F79EFBC}") = "DMPHelperWPF", "DMPHelperWPF\DMPHelperWPF.csproj", "{C535C49C-688A-4DD2-9B6D-F82FB2327008}"
EndProject
Project("{9A19103F-16F7-4668-BE54-9A1E7A4F7556}") = "libGenerator", "..\DMPrepHelper\libGenerator\libGenerator.csproj", "{E689F57E-3A18-4C15-BFD9-91CE4E9D57BE}"
EndProject
Project("{FAE04EC0-301F-11D3-BF4B-00C04F79EFBC}") = "DMPrepHelper", "..\DMPrepHelper\DMPrepHelper\DMPrepHelper.csproj", "{610AF893-4452-41E4-8DC3-E7CAA9F622F1}"
EndProject
Global
	GlobalSection(SolutionConfigurationPlatforms) = preSolution
		Debug|Any CPU = Debug|Any CPU
		Debug|ARM = Debug|ARM
		Debug|x64 = Debug|x64
		Debug|x86 = Debug|x86
		Release|Any CPU = Release|Any CPU
		Release|ARM = Release|ARM
		Release|x64 = Release|x64
		Release|x86 = Release|x86
	EndGlobalSection
	GlobalSection(ProjectConfigurationPlatforms) = postSolution
		{C535C49C-688A-4DD2-9B6D-F82FB2327008}.Debug|Any CPU.ActiveCfg = Debug|Any CPU
		{C535C49C-688A-4DD2-9B6D-F82FB2327008}.Debug|Any CPU.Build.0 = Debug|Any CPU
		{C535C49C-688A-4DD2-9B6D-F82FB2327008}.Debug|ARM.ActiveCfg = Debug|Any CPU
		{C535C49C-688A-4DD2-9B6D-F82FB2327008}.Debug|ARM.Build.0 = Debug|Any CPU
		{C535C49C-688A-4DD2-9B6D-F82FB2327008}.Debug|x64.ActiveCfg = Debug|Any CPU
		{C535C49C-688A-4DD2-9B6D-F82FB2327008}.Debug|x64.Build.0 = Debug|Any CPU
		{C535C49C-688A-4DD2-9B6D-F82FB2327008}.Debug|x86.ActiveCfg = Debug|Any CPU
		{C535C49C-688A-4DD2-9B6D-F82FB2327008}.Debug|x86.Build.0 = Debug|Any CPU
		{C535C49C-688A-4DD2-9B6D-F82FB2327008}.Release|Any CPU.ActiveCfg = Release|Any CPU
		{C535C49C-688A-4DD2-9B6D-F82FB2327008}.Release|Any CPU.Build.0 = Release|Any CPU
		{C535C49C-688A-4DD2-9B6D-F82FB2327008}.Release|ARM.ActiveCfg = Release|Any CPU
		{C535C49C-688A-4DD2-9B6D-F82FB2327008}.Release|ARM.Build.0 = Release|Any CPU
		{C535C49C-688A-4DD2-9B6D-F82FB2327008}.Release|x64.ActiveCfg = Release|Any CPU
		{C535C49C-688A-4DD2-9B6D-F82FB2327008}.Release|x64.Build.0 = Release|Any CPU
		{C535C49C-688A-4DD2-9B6D-F82FB2327008}.Release|x86.ActiveCfg = Release|Any CPU
		{C535C49C-688A-4DD2-9B6D-F82FB2327008}.Release|x86.Build.0 = Release|Any CPU
		{E689F57E-3A18-4C15-BFD9-91CE4E9D57BE}.Debug|Any CPU.ActiveCfg = Debug|Any CPU
		{E689F57E-3A18-4C15-BFD9-91CE4E9D57BE}.Debug|Any CPU.Build.0 = Debug|Any CPU
		{E689F57E-3A18-4C15-BFD9-91CE4E9D57BE}.Debug|ARM.ActiveCfg = Debug|Any CPU
		{E689F57E-3A18-4C15-BFD9-91CE4E9D57BE}.Debug|ARM.Build.0 = Debug|Any CPU
		{E689F57E-3A18-4C15-BFD9-91CE4E9D57BE}.Debug|x64.ActiveCfg = Debug|Any CPU
		{E689F57E-3A18-4C15-BFD9-91CE4E9D57BE}.Debug|x64.Build.0 = Debug|Any CPU
		{E689F57E-3A18-4C15-BFD9-91CE4E9D57BE}.Debug|x86.ActiveCfg = Debug|Any CPU
		{E689F57E-3A18-4C15-BFD9-91CE4E9D57BE}.Debug|x86.Build.0 = Debug|Any CPU
		{E689F57E-3A18-4C15-BFD9-91CE4E9D57BE}.Release|Any CPU.ActiveCfg = Release|Any CPU
		{E689F57E-3A18-4C15-BFD9-91CE4E9D57BE}.Release|Any CPU.Build.0 = Release|Any CPU
		{E689F57E-3A18-4C15-BFD9-91CE4E9D57BE}.Release|ARM.ActiveCfg = Release|Any CPU
		{E689F57E-3A18-4C15-BFD9-91CE4E9D57BE}.Release|ARM.Build.0 = Release|Any CPU
		{E689F57E-3A18-4C15-BFD9-91CE4E9D57BE}.Release|x64.ActiveCfg = Release|Any CPU
		{E689F57E-3A18-4C15-BFD9-91CE4E9D57BE}.Release|x64.Build.0 = Release|Any CPU
		{E689F57E-3A18-4C15-BFD9-91CE4E9D57BE}.Release|x86.ActiveCfg = Release|Any CPU
		{E689F57E-3A18-4C15-BFD9-91CE4E9D57BE}.Release|x86.Build.0 = Release|Any CPU
		{610AF893-4452-41E4-8DC3-E7CAA9F622F1}.Debug|Any CPU.ActiveCfg = Debug|x86
		{610AF893-4452-41E4-8DC3-E7CAA9F622F1}.Debug|ARM.ActiveCfg = Debug|ARM
		{610AF893-4452-41E4-8DC3-E7CAA9F622F1}.Debug|ARM.Build.0 = Debug|ARM
		{610AF893-4452-41E4-8DC3-E7CAA9F622F1}.Debug|ARM.Deploy.0 = Debug|ARM
		{610AF893-4452-41E4-8DC3-E7CAA9F622F1}.Debug|x64.ActiveCfg = Debug|x64
		{610AF893-4452-41E4-8DC3-E7CAA9F622F1}.Debug|x64.Build.0 = Debug|x64
		{610AF893-4452-41E4-8DC3-E7CAA9F622F1}.Debug|x64.Deploy.0 = Debug|x64
		{610AF893-4452-41E4-8DC3-E7CAA9F622F1}.Debug|x86.ActiveCfg = Debug|x86
		{610AF893-4452-41E4-8DC3-E7CAA9F622F1}.Debug|x86.Build.0 = Debug|x86
		{610AF893-4452-41E4-8DC3-E7CAA9F622F1}.Debug|x86.Deploy.0 = Debug|x86
		{610AF893-4452-41E4-8DC3-E7CAA9F622F1}.Release|Any CPU.ActiveCfg = Release|x86
		{610AF893-4452-41E4-8DC3-E7CAA9F622F1}.Release|ARM.ActiveCfg = Release|ARM
		{610AF893-4452-41E4-8DC3-E7CAA9F622F1}.Release|ARM.Build.0 = Release|ARM
		{610AF893-4452-41E4-8DC3-E7CAA9F622F1}.Release|ARM.Deploy.0 = Release|ARM
		{610AF893-4452-41E4-8DC3-E7CAA9F622F1}.Release|x64.ActiveCfg = Release|x64
		{610AF893-4452-41E4-8DC3-E7CAA9F622F1}.Release|x64.Build.0 = Release|x64
		{610AF893-4452-41E4-8DC3-E7CAA9F622F1}.Release|x64.Deploy.0 = Release|x64
		{610AF893-4452-41E4-8DC3-E7CAA9F622F1}.Release|x86.ActiveCfg = Release|x86
		{610AF893-4452-41E4-8DC3-E7CAA9F622F1}.Release|x86.Build.0 = Release|x86
		{610AF893-4452-41E4-8DC3-E7CAA9F622F1}.Release|x86.Deploy.0 = Release|x86
	EndGlobalSection
	GlobalSection(SolutionProperties) = preSolution
		HideSolutionNode = FALSE
	EndGlobalSection
	GlobalSection(ExtensibilityGlobals) = postSolution
		SolutionGuid = {8C401CEF-1D20-4BC0-ABC9-5481D4153478}
	EndGlobalSection
EndGlobal
